
Microsoft Visual Studio Solution File, Format Version 12.00
# Visual Studio Version 17
VisualStudioVersion = 17.5.33627.172
MinimumVisualStudioVersion = 10.0.40219.1
Project("{FAE04EC0-301F-11D3-BF4B-00C04F79EFBC}") = "APIAyudasSociales", "APIAyudasSociales\APIAyudasSociales.csproj", "{94AD4340-B342-4E16-A578-2903E6ACD053}"
EndProject
Global
	GlobalSection(SolutionConfigurationPlatforms) = preSolution
		Debug|Any CPU = Debug|Any CPU
		Release|Any CPU = Release|Any CPU
	EndGlobalSection
	GlobalSection(ProjectConfigurationPlatforms) = postSolution
		{94AD4340-B342-4E16-A578-2903E6ACD053}.Debug|Any CPU.ActiveCfg = Debug|Any CPU
		{94AD4340-B342-4E16-A578-2903E6ACD053}.Debug|Any CPU.Build.0 = Debug|Any CPU
		{94AD4340-B342-4E16-A578-2903E6ACD053}.Release|Any CPU.ActiveCfg = Release|Any CPU
		{94AD4340-B342-4E16-A578-2903E6ACD053}.Release|Any CPU.Build.0 = Release|Any CPU
	EndGlobalSection
	GlobalSection(SolutionProperties) = preSolution
		HideSolutionNode = FALSE
	EndGlobalSection
	GlobalSection(ExtensibilityGlobals) = postSolution
		SolutionGuid = {A9E40F55-9355-4A5A-B411-E836B19B83DE}
	EndGlobalSection
EndGlobal
